// !$*UTF8*$!
{
	archiveVersion = 1;
	classes = {
	};
	objectVersion = 46;
	objects = {

/* Begin PBXBuildFile section */
		9A2710E01C619F7500BDA716 /* main.m in Sources */ = {isa = PBXBuildFile; fileRef = 9A2710DF1C619F7500BDA716 /* main.m */; };
		9A2710E31C619F7500BDA716 /* AppDelegate.m in Sources */ = {isa = PBXBuildFile; fileRef = 9A2710E21C619F7500BDA716 /* AppDelegate.m */; };
		9A2710E61C619F7500BDA716 /* ViewController.m in Sources */ = {isa = PBXBuildFile; fileRef = 9A2710E51C619F7500BDA716 /* ViewController.m */; };
		9A2710E91C619F7500BDA716 /* Main.storyboard in Resources */ = {isa = PBXBuildFile; fileRef = 9A2710E71C619F7500BDA716 /* Main.storyboard */; };
		9A2710EC1C619F7500BDA716 /* ZXTest.xcdatamodeld in Sources */ = {isa = PBXBuildFile; fileRef = 9A2710EA1C619F7500BDA716 /* ZXTest.xcdatamodeld */; };
		9A2710EE1C619F7500BDA716 /* Assets.xcassets in Resources */ = {isa = PBXBuildFile; fileRef = 9A2710ED1C619F7500BDA716 /* Assets.xcassets */; };
		9A2710F11C619F7500BDA716 /* LaunchScreen.storyboard in Resources */ = {isa = PBXBuildFile; fileRef = 9A2710EF1C619F7500BDA716 /* LaunchScreen.storyboard */; };
		9A2710FC1C619F7500BDA716 /* ZXTestTests.m in Sources */ = {isa = PBXBuildFile; fileRef = 9A2710FB1C619F7500BDA716 /* ZXTestTests.m */; };
		9A2711071C619F7600BDA716 /* ZXTestUITests.m in Sources */ = {isa = PBXBuildFile; fileRef = 9A2711061C619F7600BDA716 /* ZXTestUITests.m */; };
		9A2711161C619F8C00BDA716 /* TopView.m in Sources */ = {isa = PBXBuildFile; fileRef = 9A2711151C619F8C00BDA716 /* TopView.m */; };
		9A27113D1C61AA8700BDA716 /* MKAnnotationView+WebCache.m in Sources */ = {isa = PBXBuildFile; fileRef = 9A27111D1C61AA8700BDA716 /* MKAnnotationView+WebCache.m */; };
		9A27113E1C61AA8700BDA716 /* NSData+ImageContentType.m in Sources */ = {isa = PBXBuildFile; fileRef = 9A27111F1C61AA8700BDA716 /* NSData+ImageContentType.m */; };
		9A27113F1C61AA8700BDA716 /* SDImageCache.m in Sources */ = {isa = PBXBuildFile; fileRef = 9A2711211C61AA8700BDA716 /* SDImageCache.m */; };
		9A2711401C61AA8700BDA716 /* SDWebImageCompat.m in Sources */ = {isa = PBXBuildFile; fileRef = 9A2711231C61AA8700BDA716 /* SDWebImageCompat.m */; };
		9A2711411C61AA8700BDA716 /* SDWebImageDecoder.m in Sources */ = {isa = PBXBuildFile; fileRef = 9A2711251C61AA8700BDA716 /* SDWebImageDecoder.m */; };
		9A2711421C61AA8700BDA716 /* SDWebImageDownloader.m in Sources */ = {isa = PBXBuildFile; fileRef = 9A2711271C61AA8700BDA716 /* SDWebImageDownloader.m */; };
		9A2711431C61AA8700BDA716 /* SDWebImageDownloaderOperation.m in Sources */ = {isa = PBXBuildFile; fileRef = 9A2711291C61AA8700BDA716 /* SDWebImageDownloaderOperation.m */; };
		9A2711441C61AA8700BDA716 /* SDWebImageManager.m in Sources */ = {isa = PBXBuildFile; fileRef = 9A27112B1C61AA8700BDA716 /* SDWebImageManager.m */; };
		9A2711451C61AA8700BDA716 /* SDWebImagePrefetcher.m in Sources */ = {isa = PBXBuildFile; fileRef = 9A27112E1C61AA8700BDA716 /* SDWebImagePrefetcher.m */; };
		9A2711461C61AA8700BDA716 /* UIButton+WebCache.m in Sources */ = {isa = PBXBuildFile; fileRef = 9A2711301C61AA8700BDA716 /* UIButton+WebCache.m */; };
		9A2711471C61AA8700BDA716 /* UIImage+GIF.m in Sources */ = {isa = PBXBuildFile; fileRef = 9A2711321C61AA8700BDA716 /* UIImage+GIF.m */; };
		9A2711481C61AA8700BDA716 /* UIImage+MultiFormat.m in Sources */ = {isa = PBXBuildFile; fileRef = 9A2711341C61AA8700BDA716 /* UIImage+MultiFormat.m */; };
		9A2711491C61AA8700BDA716 /* UIImage+WebP.m in Sources */ = {isa = PBXBuildFile; fileRef = 9A2711361C61AA8700BDA716 /* UIImage+WebP.m */; };
		9A27114A1C61AA8700BDA716 /* UIImageView+HighlightedWebCache.m in Sources */ = {isa = PBXBuildFile; fileRef = 9A2711381C61AA8700BDA716 /* UIImageView+HighlightedWebCache.m */; };
		9A27114B1C61AA8700BDA716 /* UIImageView+WebCache.m in Sources */ = {isa = PBXBuildFile; fileRef = 9A27113A1C61AA8700BDA716 /* UIImageView+WebCache.m */; };
		9A27114C1C61AA8700BDA716 /* UIView+WebCacheOperation.m in Sources */ = {isa = PBXBuildFile; fileRef = 9A27113C1C61AA8700BDA716 /* UIView+WebCacheOperation.m */; };
/* End PBXBuildFile section */

/* Begin PBXContainerItemProxy section */
		9A2710F81C619F7500BDA716 /* PBXContainerItemProxy */ = {
			isa = PBXContainerItemProxy;
			containerPortal = 9A2710D31C619F7500BDA716 /* Project object */;
			proxyType = 1;
			remoteGlobalIDString = 9A2710DA1C619F7500BDA716;
			remoteInfo = ZXTest;
		};
		9A2711031C619F7500BDA716 /* PBXContainerItemProxy */ = {
			isa = PBXContainerItemProxy;
			containerPortal = 9A2710D31C619F7500BDA716 /* Project object */;
			proxyType = 1;
			remoteGlobalIDString = 9A2710DA1C619F7500BDA716;
			remoteInfo = ZXTest;
		};
/* End PBXContainerItemProxy section */

/* Begin PBXFileReference section */
		9A2710DB1C619F7500BDA716 /* ZXTest.app */ = {isa = PBXFileReference; explicitFileType = wrapper.application; includeInIndex = 0; path = ZXTest.app; sourceTree = BUILT_PRODUCTS_DIR; };
		9A2710DF1C619F7500BDA716 /* main.m */ = {isa = PBXFileReference; lastKnownFileType = sourcecode.c.objc; path = main.m; sourceTree = "<group>"; };
		9A2710E11C619F7500BDA716 /* AppDelegate.h */ = {isa = PBXFileReference; lastKnownFileType = sourcecode.c.h; path = AppDelegate.h; sourceTree = "<group>"; };
		9A2710E21C619F7500BDA716 /* AppDelegate.m */ = {isa = PBXFileReference; lastKnownFileType = sourcecode.c.objc; path = AppDelegate.m; sourceTree = "<group>"; };
		9A2710E41C619F7500BDA716 /* ViewController.h */ = {isa = PBXFileReference; lastKnownFileType = sourcecode.c.h; path = ViewController.h; sourceTree = "<group>"; };
		9A2710E51C619F7500BDA716 /* ViewController.m */ = {isa = PBXFileReference; lastKnownFileType = sourcecode.c.objc; path = ViewController.m; sourceTree = "<group>"; };
		9A2710E81C619F7500BDA716 /* Base */ = {isa = PBXFileReference; lastKnownFileType = file.storyboard; name = Base; path = Base.lproj/Main.storyboard; sourceTree = "<group>"; };
		9A2710EB1C619F7500BDA716 /* ZXTest.xcdatamodel */ = {isa = PBXFileReference; lastKnownFileType = wrapper.xcdatamodel; path = ZXTest.xcdatamodel; sourceTree = "<group>"; };
		9A2710ED1C619F7500BDA716 /* Assets.xcassets */ = {isa = PBXFileReference; lastKnownFileType = folder.assetcatalog; path = Assets.xcassets; sourceTree = "<group>"; };
		9A2710F01C619F7500BDA716 /* Base */ = {isa = PBXFileReference; lastKnownFileType = file.storyboard; name = Base; path = Base.lproj/LaunchScreen.storyboard; sourceTree = "<group>"; };
		9A2710F21C619F7500BDA716 /* Info.plist */ = {isa = PBXFileReference; lastKnownFileType = text.plist.xml; path = Info.plist; sourceTree = "<group>"; };
		9A2710F71C619F7500BDA716 /* ZXTestTests.xctest */ = {isa = PBXFileReference; explicitFileType = wrapper.cfbundle; includeInIndex = 0; path = ZXTestTests.xctest; sourceTree = BUILT_PRODUCTS_DIR; };
		9A2710FB1C619F7500BDA716 /* ZXTestTests.m */ = {isa = PBXFileReference; lastKnownFileType = sourcecode.c.objc; path = ZXTestTests.m; sourceTree = "<group>"; };
		9A2710FD1C619F7500BDA716 /* Info.plist */ = {isa = PBXFileReference; lastKnownFileType = text.plist.xml; path = Info.plist; sourceTree = "<group>"; };
		9A2711021C619F7500BDA716 /* ZXTestUITests.xctest */ = {isa = PBXFileReference; explicitFileType = wrapper.cfbundle; includeInIndex = 0; path = ZXTestUITests.xctest; sourceTree = BUILT_PRODUCTS_DIR; };
		9A2711061C619F7600BDA716 /* ZXTestUITests.m */ = {isa = PBXFileReference; lastKnownFileType = sourcecode.c.objc; path = ZXTestUITests.m; sourceTree = "<group>"; };
		9A2711081C619F7600BDA716 /* Info.plist */ = {isa = PBXFileReference; lastKnownFileType = text.plist.xml; path = Info.plist; sourceTree = "<group>"; };
		9A2711141C619F8C00BDA716 /* TopView.h */ = {isa = PBXFileReference; fileEncoding = 4; lastKnownFileType = sourcecode.c.h; path = TopView.h; sourceTree = "<group>"; };
		9A2711151C619F8C00BDA716 /* TopView.m */ = {isa = PBXFileReference; fileEncoding = 4; lastKnownFileType = sourcecode.c.objc; path = TopView.m; sourceTree = "<group>"; };
		9A27111C1C61AA8700BDA716 /* MKAnnotationView+WebCache.h */ = {isa = PBXFileReference; fileEncoding = 4; lastKnownFileType = sourcecode.c.h; path = "MKAnnotationView+WebCache.h"; sourceTree = "<group>"; };
		9A27111D1C61AA8700BDA716 /* MKAnnotationView+WebCache.m */ = {isa = PBXFileReference; fileEncoding = 4; lastKnownFileType = sourcecode.c.objc; path = "MKAnnotationView+WebCache.m"; sourceTree = "<group>"; };
		9A27111E1C61AA8700BDA716 /* NSData+ImageContentType.h */ = {isa = PBXFileReference; fileEncoding = 4; lastKnownFileType = sourcecode.c.h; path = "NSData+ImageContentType.h"; sourceTree = "<group>"; };
		9A27111F1C61AA8700BDA716 /* NSData+ImageContentType.m */ = {isa = PBXFileReference; fileEncoding = 4; lastKnownFileType = sourcecode.c.objc; path = "NSData+ImageContentType.m"; sourceTree = "<group>"; };
		9A2711201C61AA8700BDA716 /* SDImageCache.h */ = {isa = PBXFileReference; fileEncoding = 4; lastKnownFileType = sourcecode.c.h; path = SDImageCache.h; sourceTree = "<group>"; };
		9A2711211C61AA8700BDA716 /* SDImageCache.m */ = {isa = PBXFileReference; fileEncoding = 4; lastKnownFileType = sourcecode.c.objc; path = SDImageCache.m; sourceTree = "<group>"; };
		9A2711221C61AA8700BDA716 /* SDWebImageCompat.h */ = {isa = PBXFileReference; fileEncoding = 4; lastKnownFileType = sourcecode.c.h; path = SDWebImageCompat.h; sourceTree = "<group>"; };
		9A2711231C61AA8700BDA716 /* SDWebImageCompat.m */ = {isa = PBXFileReference; fileEncoding = 4; lastKnownFileType = sourcecode.c.objc; path = SDWebImageCompat.m; sourceTree = "<group>"; };
		9A2711241C61AA8700BDA716 /* SDWebImageDecoder.h */ = {isa = PBXFileReference; fileEncoding = 4; lastKnownFileType = sourcecode.c.h; path = SDWebImageDecoder.h; sourceTree = "<group>"; };
		9A2711251C61AA8700BDA716 /* SDWebImageDecoder.m */ = {isa = PBXFileReference; fileEncoding = 4; lastKnownFileType = sourcecode.c.objc; path = SDWebImageDecoder.m; sourceTree = "<group>"; };
		9A2711261C61AA8700BDA716 /* SDWebImageDownloader.h */ = {isa = PBXFileReference; fileEncoding = 4; lastKnownFileType = sourcecode.c.h; path = SDWebImageDownloader.h; sourceTree = "<group>"; };
		9A2711271C61AA8700BDA716 /* SDWebImageDownloader.m */ = {isa = PBXFileReference; fileEncoding = 4; lastKnownFileType = sourcecode.c.objc; path = SDWebImageDownloader.m; sourceTree = "<group>"; };
		9A2711281C61AA8700BDA716 /* SDWebImageDownloaderOperation.h */ = {isa = PBXFileReference; fileEncoding = 4; lastKnownFileType = sourcecode.c.h; path = SDWebImageDownloaderOperation.h; sourceTree = "<group>"; };
		9A2711291C61AA8700BDA716 /* SDWebImageDownloaderOperation.m */ = {isa = PBXFileReference; fileEncoding = 4; lastKnownFileType = sourcecode.c.objc; path = SDWebImageDownloaderOperation.m; sourceTree = "<group>"; };
		9A27112A1C61AA8700BDA716 /* SDWebImageManager.h */ = {isa = PBXFileReference; fileEncoding = 4; lastKnownFileType = sourcecode.c.h; path = SDWebImageManager.h; sourceTree = "<group>"; };
		9A27112B1C61AA8700BDA716 /* SDWebImageManager.m */ = {isa = PBXFileReference; fileEncoding = 4; lastKnownFileType = sourcecode.c.objc; path = SDWebImageManager.m; sourceTree = "<group>"; };
		9A27112C1C61AA8700BDA716 /* SDWebImageOperation.h */ = {isa = PBXFileReference; fileEncoding = 4; lastKnownFileType = sourcecode.c.h; path = SDWebImageOperation.h; sourceTree = "<group>"; };
		9A27112D1C61AA8700BDA716 /* SDWebImagePrefetcher.h */ = {isa = PBXFileReference; fileEncoding = 4; lastKnownFileType = sourcecode.c.h; path = SDWebImagePrefetcher.h; sourceTree = "<group>"; };
		9A27112E1C61AA8700BDA716 /* SDWebImagePrefetcher.m */ = {isa = PBXFileReference; fileEncoding = 4; lastKnownFileType = sourcecode.c.objc; path = SDWebImagePrefetcher.m; sourceTree = "<group>"; };
		9A27112F1C61AA8700BDA716 /* UIButton+WebCache.h */ = {isa = PBXFileReference; fileEncoding = 4; lastKnownFileType = sourcecode.c.h; path = "UIButton+WebCache.h"; sourceTree = "<group>"; };
		9A2711301C61AA8700BDA716 /* UIButton+WebCache.m */ = {isa = PBXFileReference; fileEncoding = 4; lastKnownFileType = sourcecode.c.objc; path = "UIButton+WebCache.m"; sourceTree = "<group>"; };
		9A2711311C61AA8700BDA716 /* UIImage+GIF.h */ = {isa = PBXFileReference; fileEncoding = 4; lastKnownFileType = sourcecode.c.h; path = "UIImage+GIF.h"; sourceTree = "<group>"; };
		9A2711321C61AA8700BDA716 /* UIImage+GIF.m */ = {isa = PBXFileReference; fileEncoding = 4; lastKnownFileType = sourcecode.c.objc; path = "UIImage+GIF.m"; sourceTree = "<group>"; };
		9A2711331C61AA8700BDA716 /* UIImage+MultiFormat.h */ = {isa = PBXFileReference; fileEncoding = 4; lastKnownFileType = sourcecode.c.h; path = "UIImage+MultiFormat.h"; sourceTree = "<group>"; };
		9A2711341C61AA8700BDA716 /* UIImage+MultiFormat.m */ = {isa = PBXFileReference; fileEncoding = 4; lastKnownFileType = sourcecode.c.objc; path = "UIImage+MultiFormat.m"; sourceTree = "<group>"; };
		9A2711351C61AA8700BDA716 /* UIImage+WebP.h */ = {isa = PBXFileReference; fileEncoding = 4; lastKnownFileType = sourcecode.c.h; path = "UIImage+WebP.h"; sourceTree = "<group>"; };
		9A2711361C61AA8700BDA716 /* UIImage+WebP.m */ = {isa = PBXFileReference; fileEncoding = 4; lastKnownFileType = sourcecode.c.objc; path = "UIImage+WebP.m"; sourceTree = "<group>"; };
		9A2711371C61AA8700BDA716 /* UIImageView+HighlightedWebCache.h */ = {isa = PBXFileReference; fileEncoding = 4; lastKnownFileType = sourcecode.c.h; path = "UIImageView+HighlightedWebCache.h"; sourceTree = "<group>"; };
		9A2711381C61AA8700BDA716 /* UIImageView+HighlightedWebCache.m */ = {isa = PBXFileReference; fileEncoding = 4; lastKnownFileType = sourcecode.c.objc; path = "UIImageView+HighlightedWebCache.m"; sourceTree = "<group>"; };
		9A2711391C61AA8700BDA716 /* UIImageView+WebCache.h */ = {isa = PBXFileReference; fileEncoding = 4; lastKnownFileType = sourcecode.c.h; path = "UIImageView+WebCache.h"; sourceTree = "<group>"; };
		9A27113A1C61AA8700BDA716 /* UIImageView+WebCache.m */ = {isa = PBXFileReference; fileEncoding = 4; lastKnownFileType = sourcecode.c.objc; path = "UIImageView+WebCache.m"; sourceTree = "<group>"; };
		9A27113B1C61AA8700BDA716 /* UIView+WebCacheOperation.h */ = {isa = PBXFileReference; fileEncoding = 4; lastKnownFileType = sourcecode.c.h; path = "UIView+WebCacheOperation.h"; sourceTree = "<group>"; };
		9A27113C1C61AA8700BDA716 /* UIView+WebCacheOperation.m */ = {isa = PBXFileReference; fileEncoding = 4; lastKnownFileType = sourcecode.c.objc; path = "UIView+WebCacheOperation.m"; sourceTree = "<group>"; };
/* End PBXFileReference section */

/* Begin PBXFrameworksBuildPhase section */
		9A2710D81C619F7500BDA716 /* Frameworks */ = {
			isa = PBXFrameworksBuildPhase;
			buildActionMask = 2147483647;
			files = (
			);
			runOnlyForDeploymentPostprocessing = 0;
		};
		9A2710F41C619F7500BDA716 /* Frameworks */ = {
			isa = PBXFrameworksBuildPhase;
			buildActionMask = 2147483647;
			files = (
			);
			runOnlyForDeploymentPostprocessing = 0;
		};
		9A2710FF1C619F7500BDA716 /* Frameworks */ = {
			isa = PBXFrameworksBuildPhase;
			buildActionMask = 2147483647;
			files = (
			);
			runOnlyForDeploymentPostprocessing = 0;
		};
/* End PBXFrameworksBuildPhase section */

/* Begin PBXGroup section */
		9A2710D21C619F7500BDA716 = {
			isa = PBXGroup;
			children = (
				9A27111B1C61AA7300BDA716 /* SDWebImage */,
				9A2710DD1C619F7500BDA716 /* ZXTest */,
				9A2710FA1C619F7500BDA716 /* ZXTestTests */,
				9A2711051C619F7600BDA716 /* ZXTestUITests */,
				9A2710DC1C619F7500BDA716 /* Products */,
			);
			sourceTree = "<group>";
		};
		9A2710DC1C619F7500BDA716 /* Products */ = {
			isa = PBXGroup;
			children = (
				9A2710DB1C619F7500BDA716 /* ZXTest.app */,
				9A2710F71C619F7500BDA716 /* ZXTestTests.xctest */,
				9A2711021C619F7500BDA716 /* ZXTestUITests.xctest */,
			);
			name = Products;
			sourceTree = "<group>";
		};
		9A2710DD1C619F7500BDA716 /* ZXTest */ = {
			isa = PBXGroup;
			children = (
				9A2710E11C619F7500BDA716 /* AppDelegate.h */,
				9A2710E21C619F7500BDA716 /* AppDelegate.m */,
				9A2710E41C619F7500BDA716 /* ViewController.h */,
				9A2710E51C619F7500BDA716 /* ViewController.m */,
				9A2711141C619F8C00BDA716 /* TopView.h */,
				9A2711151C619F8C00BDA716 /* TopView.m */,
				9A2710E71C619F7500BDA716 /* Main.storyboard */,
				9A2710ED1C619F7500BDA716 /* Assets.xcassets */,
				9A2710EF1C619F7500BDA716 /* LaunchScreen.storyboard */,
				9A2710F21C619F7500BDA716 /* Info.plist */,
				9A2710EA1C619F7500BDA716 /* ZXTest.xcdatamodeld */,
				9A2710DE1C619F7500BDA716 /* Supporting Files */,
			);
			path = ZXTest;
			sourceTree = "<group>";
		};
		9A2710DE1C619F7500BDA716 /* Supporting Files */ = {
			isa = PBXGroup;
			children = (
				9A2710DF1C619F7500BDA716 /* main.m */,
			);
			name = "Supporting Files";
			sourceTree = "<group>";
		};
		9A2710FA1C619F7500BDA716 /* ZXTestTests */ = {
			isa = PBXGroup;
			children = (
				9A2710FB1C619F7500BDA716 /* ZXTestTests.m */,
				9A2710FD1C619F7500BDA716 /* Info.plist */,
			);
			path = ZXTestTests;
			sourceTree = "<group>";
		};
		9A2711051C619F7600BDA716 /* ZXTestUITests */ = {
			isa = PBXGroup;
			children = (
				9A2711061C619F7600BDA716 /* ZXTestUITests.m */,
				9A2711081C619F7600BDA716 /* Info.plist */,
			);
			path = ZXTestUITests;
			sourceTree = "<group>";
		};
		9A27111B1C61AA7300BDA716 /* SDWebImage */ = {
			isa = PBXGroup;
			children = (
				9A27111C1C61AA8700BDA716 /* MKAnnotationView+WebCache.h */,
				9A27111D1C61AA8700BDA716 /* MKAnnotationView+WebCache.m */,
				9A27111E1C61AA8700BDA716 /* NSData+ImageContentType.h */,
				9A27111F1C61AA8700BDA716 /* NSData+ImageContentType.m */,
				9A2711201C61AA8700BDA716 /* SDImageCache.h */,
				9A2711211C61AA8700BDA716 /* SDImageCache.m */,
				9A2711221C61AA8700BDA716 /* SDWebImageCompat.h */,
				9A2711231C61AA8700BDA716 /* SDWebImageCompat.m */,
				9A2711241C61AA8700BDA716 /* SDWebImageDecoder.h */,
				9A2711251C61AA8700BDA716 /* SDWebImageDecoder.m */,
				9A2711261C61AA8700BDA716 /* SDWebImageDownloader.h */,
				9A2711271C61AA8700BDA716 /* SDWebImageDownloader.m */,
				9A2711281C61AA8700BDA716 /* SDWebImageDownloaderOperation.h */,
				9A2711291C61AA8700BDA716 /* SDWebImageDownloaderOperation.m */,
				9A27112A1C61AA8700BDA716 /* SDWebImageManager.h */,
				9A27112B1C61AA8700BDA716 /* SDWebImageManager.m */,
				9A27112C1C61AA8700BDA716 /* SDWebImageOperation.h */,
				9A27112D1C61AA8700BDA716 /* SDWebImagePrefetcher.h */,
				9A27112E1C61AA8700BDA716 /* SDWebImagePrefetcher.m */,
				9A27112F1C61AA8700BDA716 /* UIButton+WebCache.h */,
				9A2711301C61AA8700BDA716 /* UIButton+WebCache.m */,
				9A2711311C61AA8700BDA716 /* UIImage+GIF.h */,
				9A2711321C61AA8700BDA716 /* UIImage+GIF.m */,
				9A2711331C61AA8700BDA716 /* UIImage+MultiFormat.h */,
				9A2711341C61AA8700BDA716 /* UIImage+MultiFormat.m */,
				9A2711351C61AA8700BDA716 /* UIImage+WebP.h */,
				9A2711361C61AA8700BDA716 /* UIImage+WebP.m */,
				9A2711371C61AA8700BDA716 /* UIImageView+HighlightedWebCache.h */,
				9A2711381C61AA8700BDA716 /* UIImageView+HighlightedWebCache.m */,
				9A2711391C61AA8700BDA716 /* UIImageView+WebCache.h */,
				9A27113A1C61AA8700BDA716 /* UIImageView+WebCache.m */,
				9A27113B1C61AA8700BDA716 /* UIView+WebCacheOperation.h */,
				9A27113C1C61AA8700BDA716 /* UIView+WebCacheOperation.m */,
			);
			name = SDWebImage;
			sourceTree = "<group>";
		};
/* End PBXGroup section */

/* Begin PBXNativeTarget section */
		9A2710DA1C619F7500BDA716 /* ZXTest */ = {
			isa = PBXNativeTarget;
			buildConfigurationList = 9A27110B1C619F7600BDA716 /* Build configuration list for PBXNativeTarget "ZXTest" */;
			buildPhases = (
				9A2710D71C619F7500BDA716 /* Sources */,
				9A2710D81C619F7500BDA716 /* Frameworks */,
				9A2710D91C619F7500BDA716 /* Resources */,
			);
			buildRules = (
			);
			dependencies = (
			);
			name = ZXTest;
			productName = ZXTest;
			productReference = 9A2710DB1C619F7500BDA716 /* ZXTest.app */;
			productType = "com.apple.product-type.application";
		};
		9A2710F61C619F7500BDA716 /* ZXTestTests */ = {
			isa = PBXNativeTarget;
			buildConfigurationList = 9A27110E1C619F7600BDA716 /* Build configuration list for PBXNativeTarget "ZXTestTests" */;
			buildPhases = (
				9A2710F31C619F7500BDA716 /* Sources */,
				9A2710F41C619F7500BDA716 /* Frameworks */,
				9A2710F51C619F7500BDA716 /* Resources */,
			);
			buildRules = (
			);
			dependencies = (
				9A2710F91C619F7500BDA716 /* PBXTargetDependency */,
			);
			name = ZXTestTests;
			productName = ZXTestTests;
			productReference = 9A2710F71C619F7500BDA716 /* ZXTestTests.xctest */;
			productType = "com.apple.product-type.bundle.unit-test";
		};
		9A2711011C619F7500BDA716 /* ZXTestUITests */ = {
			isa = PBXNativeTarget;
			buildConfigurationList = 9A2711111C619F7600BDA716 /* Build configuration list for PBXNativeTarget "ZXTestUITests" */;
			buildPhases = (
				9A2710FE1C619F7500BDA716 /* Sources */,
				9A2710FF1C619F7500BDA716 /* Frameworks */,
				9A2711001C619F7500BDA716 /* Resources */,
			);
			buildRules = (
			);
			dependencies = (
				9A2711041C619F7500BDA716 /* PBXTargetDependency */,
			);
			name = ZXTestUITests;
			productName = ZXTestUITests;
			productReference = 9A2711021C619F7500BDA716 /* ZXTestUITests.xctest */;
			productType = "com.apple.product-type.bundle.ui-testing";
		};
/* End PBXNativeTarget section */

/* Begin PBXProject section */
		9A2710D31C619F7500BDA716 /* Project object */ = {
			isa = PBXProject;
			attributes = {
				LastUpgradeCheck = 0720;
				ORGANIZATIONNAME = macmini;
				TargetAttributes = {
					9A2710DA1C619F7500BDA716 = {
						CreatedOnToolsVersion = 7.2;
					};
					9A2710F61C619F7500BDA716 = {
						CreatedOnToolsVersion = 7.2;
						TestTargetID = 9A2710DA1C619F7500BDA716;
					};
					9A2711011C619F7500BDA716 = {
						CreatedOnToolsVersion = 7.2;
						TestTargetID = 9A2710DA1C619F7500BDA716;
					};
				};
			};
			buildConfigurationList = 9A2710D61C619F7500BDA716 /* Build configuration list for PBXProject "ZXTest" */;
			compatibilityVersion = "Xcode 3.2";
			developmentRegion = English;
			hasScannedForEncodings = 0;
			knownRegions = (
				en,
				Base,
			);
			mainGroup = 9A2710D21C619F7500BDA716;
			productRefGroup = 9A2710DC1C619F7500BDA716 /* Products */;
			projectDirPath = "";
			projectRoot = "";
			targets = (
				9A2710DA1C619F7500BDA716 /* ZXTest */,
				9A2710F61C619F7500BDA716 /* ZXTestTests */,
				9A2711011C619F7500BDA716 /* ZXTestUITests */,
			);
		};
/* End PBXProject section */

/* Begin PBXResourcesBuildPhase section */
		9A2710D91C619F7500BDA716 /* Resources */ = {
			isa = PBXResourcesBuildPhase;
			buildActionMask = 2147483647;
			files = (
				9A2710F11C619F7500BDA716 /* LaunchScreen.storyboard in Resources */,
				9A2710EE1C619F7500BDA716 /* Assets.xcassets in Resources */,
				9A2710E91C619F7500BDA716 /* Main.storyboard in Resources */,
			);
			runOnlyForDeploymentPostprocessing = 0;
		};
		9A2710F51C619F7500BDA716 /* Resources */ = {
			isa = PBXResourcesBuildPhase;
			buildActionMask = 2147483647;
			files = (
			);
			runOnlyForDeploymentPostprocessing = 0;
		};
		9A2711001C619F7500BDA716 /* Resources */ = {
			isa = PBXResourcesBuildPhase;
			buildActionMask = 2147483647;
			files = (
			);
			runOnlyForDeploymentPostprocessing = 0;
		};
/* End PBXResourcesBuildPhase section */

/* Begin PBXSourcesBuildPhase section */
		9A2710D71C619F7500BDA716 /* Sources */ = {
			isa = PBXSourcesBuildPhase;
			buildActionMask = 2147483647;
			files = (
				9A2710E61C619F7500BDA716 /* ViewController.m in Sources */,
				9A27114A1C61AA8700BDA716 /* UIImageView+HighlightedWebCache.m in Sources */,
				9A27114B1C61AA8700BDA716 /* UIImageView+WebCache.m in Sources */,
				9A2711491C61AA8700BDA716 /* UIImage+WebP.m in Sources */,
				9A2711451C61AA8700BDA716 /* SDWebImagePrefetcher.m in Sources */,
				9A2711161C619F8C00BDA716 /* TopView.m in Sources */,
				9A2711411C61AA8700BDA716 /* SDWebImageDecoder.m in Sources */,
				9A2711421C61AA8700BDA716 /* SDWebImageDownloader.m in Sources */,
				9A2710EC1C619F7500BDA716 /* ZXTest.xcdatamodeld in Sources */,
				9A2711441C61AA8700BDA716 /* SDWebImageManager.m in Sources */,
				9A27114C1C61AA8700BDA716 /* UIView+WebCacheOperation.m in Sources */,
				9A2711461C61AA8700BDA716 /* UIButton+WebCache.m in Sources */,
				9A2711481C61AA8700BDA716 /* UIImage+MultiFormat.m in Sources */,
				9A2710E31C619F7500BDA716 /* AppDelegate.m in Sources */,
				9A2711431C61AA8700BDA716 /* SDWebImageDownloaderOperation.m in Sources */,
				9A2711471C61AA8700BDA716 /* UIImage+GIF.m in Sources */,
				9A2711401C61AA8700BDA716 /* SDWebImageCompat.m in Sources */,
				9A27113E1C61AA8700BDA716 /* NSData+ImageContentType.m in Sources */,
				9A2710E01C619F7500BDA716 /* main.m in Sources */,
				9A27113D1C61AA8700BDA716 /* MKAnnotationView+WebCache.m in Sources */,
				9A27113F1C61AA8700BDA716 /* SDImageCache.m in Sources */,
			);
			runOnlyForDeploymentPostprocessing = 0;
		};
		9A2710F31C619F7500BDA716 /* Sources */ = {
			isa = PBXSourcesBuildPhase;
			buildActionMask = 2147483647;
			files = (
				9A2710FC1C619F7500BDA716 /* ZXTestTests.m in Sources */,
			);
			runOnlyForDeploymentPostprocessing = 0;
		};
		9A2710FE1C619F7500BDA716 /* Sources */ = {
			isa = PBXSourcesBuildPhase;
			buildActionMask = 2147483647;
			files = (
				9A2711071C619F7600BDA716 /* ZXTestUITests.m in Sources */,
			);
			runOnlyForDeploymentPostprocessing = 0;
		};
/* End PBXSourcesBuildPhase section */

/* Begin PBXTargetDependency section */
		9A2710F91C619F7500BDA716 /* PBXTargetDependency */ = {
			isa = PBXTargetDependency;
			target = 9A2710DA1C619F7500BDA716 /* ZXTest */;
			targetProxy = 9A2710F81C619F7500BDA716 /* PBXContainerItemProxy */;
		};
		9A2711041C619F7500BDA716 /* PBXTargetDependency */ = {
			isa = PBXTargetDependency;
			target = 9A2710DA1C619F7500BDA716 /* ZXTest */;
			targetProxy = 9A2711031C619F7500BDA716 /* PBXContainerItemProxy */;
		};
/* End PBXTargetDependency section */

/* Begin PBXVariantGroup section */
		9A2710E71C619F7500BDA716 /* Main.storyboard */ = {
			isa = PBXVariantGroup;
			children = (
				9A2710E81C619F7500BDA716 /* Base */,
			);
			name = Main.storyboard;
			sourceTree = "<group>";
		};
		9A2710EF1C619F7500BDA716 /* LaunchScreen.storyboard */ = {
			isa = PBXVariantGroup;
			children = (
				9A2710F01C619F7500BDA716 /* Base */,
			);
			name = LaunchScreen.storyboard;
			sourceTree = "<group>";
		};
/* End PBXVariantGroup section */

/* Begin XCBuildConfiguration section */
		9A2711091C619F7600BDA716 /* Debug */ = {
			isa = XCBuildConfiguration;
			buildSettings = {
				ALWAYS_SEARCH_USER_PATHS = NO;
				CLANG_CXX_LANGUAGE_STANDARD = "gnu++0x";
				CLANG_CXX_LIBRARY = "libc++";
				CLANG_ENABLE_MODULES = YES;
				CLANG_ENABLE_OBJC_ARC = YES;
				CLANG_WARN_BOOL_CONVERSION = YES;
				CLANG_WARN_CONSTANT_CONVERSION = YES;
				CLANG_WARN_DIRECT_OBJC_ISA_USAGE = YES_ERROR;
				CLANG_WARN_EMPTY_BODY = YES;
				CLANG_WARN_ENUM_CONVERSION = YES;
				CLANG_WARN_INT_CONVERSION = YES;
				CLANG_WARN_OBJC_ROOT_CLASS = YES_ERROR;
				CLANG_WARN_UNREACHABLE_CODE = YES;
				CLANG_WARN__DUPLICATE_METHOD_MATCH = YES;
				"CODE_SIGN_IDENTITY[sdk=iphoneos*]" = "iPhone Developer";
				COPY_PHASE_STRIP = NO;
				DEBUG_INFORMATION_FORMAT = dwarf;
				ENABLE_STRICT_OBJC_MSGSEND = YES;
				ENABLE_TESTABILITY = YES;
				GCC_C_LANGUAGE_STANDARD = gnu99;
				GCC_DYNAMIC_NO_PIC = NO;
				GCC_NO_COMMON_BLOCKS = YES;
				GCC_OPTIMIZATION_LEVEL = 0;
				GCC_PREPROCESSOR_DEFINITIONS = (
					"DEBUG=1",
					"$(inherited)",
				);
				GCC_WARN_64_TO_32_BIT_CONVERSION = YES;
				GCC_WARN_ABOUT_RETURN_TYPE = YES_ERROR;
				GCC_WARN_UNDECLARED_SELECTOR = YES;
				GCC_WARN_UNINITIALIZED_AUTOS = YES_AGGRESSIVE;
				GCC_WARN_UNUSED_FUNCTION = YES;
				GCC_WARN_UNUSED_VARIABLE = YES;
				IPHONEOS_DEPLOYMENT_TARGET = 9.2;
				MTL_ENABLE_DEBUG_INFO = YES;
				ONLY_ACTIVE_ARCH = YES;
				SDKROOT = iphoneos;
			};
			name = Debug;
		};
		9A27110A1C619F7600BDA716 /* Release */ = {
			isa = XCBuildConfiguration;
			buildSettings = {
				ALWAYS_SEARCH_USER_PATHS = NO;
				CLANG_CXX_LANGUAGE_STANDARD = "gnu++0x";
				CLANG_CXX_LIBRARY = "libc++";
				CLANG_ENABLE_MODULES = YES;
				CLANG_ENABLE_OBJC_ARC = YES;
				CLANG_WARN_BOOL_CONVERSION = YES;
				CLANG_WARN_CONSTANT_CONVERSION = YES;
				CLANG_WARN_DIRECT_OBJC_ISA_USAGE = YES_ERROR;
				CLANG_WARN_EMPTY_BODY = YES;
				CLANG_WARN_ENUM_CONVERSION = YES;
				CLANG_WARN_INT_CONVERSION = YES;
				CLANG_WARN_OBJC_ROOT_CLASS = YES_ERROR;
				CLANG_WARN_UNREACHABLE_CODE = YES;
				CLANG_WARN__DUPLICATE_METHOD_MATCH = YES;
				"CODE_SIGN_IDENTITY[sdk=iphoneos*]" = "iPhone Developer";
				COPY_PHASE_STRIP = NO;
				DEBUG_INFORMATION_FORMAT = "dwarf-with-dsym";
				ENABLE_NS_ASSERTIONS = NO;
				ENABLE_STRICT_OBJC_MSGSEND = YES;
				GCC_C_LANGUAGE_STANDARD = gnu99;
				GCC_NO_COMMON_BLOCKS = YES;
				GCC_WARN_64_TO_32_BIT_CONVERSION = YES;
				GCC_WARN_ABOUT_RETURN_TYPE = YES_ERROR;
				GCC_WARN_UNDECLARED_SELECTOR = YES;
				GCC_WARN_UNINITIALIZED_AUTOS = YES_AGGRESSIVE;
				GCC_WARN_UNUSED_FUNCTION = YES;
				GCC_WARN_UNUSED_VARIABLE = YES;
				IPHONEOS_DEPLOYMENT_TARGET = 9.2;
				MTL_ENABLE_DEBUG_INFO = NO;
				SDKROOT = iphoneos;
				VALIDATE_PRODUCT = YES;
			};
			name = Release;
		};
		9A27110C1C619F7600BDA716 /* Debug */ = {
			isa = XCBuildConfiguration;
			buildSettings = {
				ASSETCATALOG_COMPILER_APPICON_NAME = AppIcon;
				INFOPLIST_FILE = ZXTest/Info.plist;
				IPHONEOS_DEPLOYMENT_TARGET = 8.1;
				LD_RUNPATH_SEARCH_PATHS = "$(inherited) @executable_path/Frameworks";
				PRODUCT_BUNDLE_IDENTIFIER = susu.ZXTest;
				PRODUCT_NAME = "$(TARGET_NAME)";
			};
			name = Debug;
		};
		9A27110D1C619F7600BDA716 /* Release */ = {
			isa = XCBuildConfiguration;
			buildSettings = {
				ASSETCATALOG_COMPILER_APPICON_NAME = AppIcon;
				INFOPLIST_FILE = ZXTest/Info.plist;
				IPHONEOS_DEPLOYMENT_TARGET = 8.1;
				LD_RUNPATH_SEARCH_PATHS = "$(inherited) @executable_path/Frameworks";
				PRODUCT_BUNDLE_IDENTIFIER = susu.ZXTest;
				PRODUCT_NAME = "$(TARGET_NAME)";
			};
			name = Release;
		};
		9A27110F1C619F7600BDA716 /* Debug */ = {
			isa = XCBuildConfiguration;
			buildSettings = {
				BUNDLE_LOADER = "$(TEST_HOST)";
				INFOPLIST_FILE = ZXTestTests/Info.plist;
				LD_RUNPATH_SEARCH_PATHS = "$(inherited) @executable_path/Frameworks @loader_path/Frameworks";
				PRODUCT_BUNDLE_IDENTIFIER = susu.ZXTestTests;
				PRODUCT_NAME = "$(TARGET_NAME)";
				TEST_HOST = "$(BUILT_PRODUCTS_DIR)/ZXTest.app/ZXTest";
			};
			name = Debug;
		};
		9A2711101C619F7600BDA716 /* Release */ = {
			isa = XCBuildConfiguration;
			buildSettings = {
				BUNDLE_LOADER = "$(TEST_HOST)";
				INFOPLIST_FILE = ZXTestTests/Info.plist;
				LD_RUNPATH_SEARCH_PATHS = "$(inherited) @executable_path/Frameworks @loader_path/Frameworks";
				PRODUCT_BUNDLE_IDENTIFIER = susu.ZXTestTests;
				PRODUCT_NAME = "$(TARGET_NAME)";
				TEST_HOST = "$(BUILT_PRODUCTS_DIR)/ZXTest.app/ZXTest";
			};
			name = Release;
		};
		9A2711121C619F7600BDA716 /* Debug */ = {
			isa = XCBuildConfiguration;
			buildSettings = {
				INFOPLIST_FILE = ZXTestUITests/Info.plist;
				LD_RUNPATH_SEARCH_PATHS = "$(inherited) @executable_path/Frameworks @loader_path/Frameworks";
				PRODUCT_BUNDLE_IDENTIFIER = susu.ZXTestUITests;
				PRODUCT_NAME = "$(TARGET_NAME)";
				TEST_TARGET_NAME = ZXTest;
				USES_XCTRUNNER = YES;
			};
			name = Debug;
		};
		9A2711131C619F7600BDA716 /* Release */ = {
			isa = XCBuildConfiguration;
			buildSettings = {
				INFOPLIST_FILE = ZXTestUITests/Info.plist;
				LD_RUNPATH_SEARCH_PATHS = "$(inherited) @executable_path/Frameworks @loader_path/Frameworks";
				PRODUCT_BUNDLE_IDENTIFIER = susu.ZXTestUITests;
				PRODUCT_NAME = "$(TARGET_NAME)";
				TEST_TARGET_NAME = ZXTest;
				USES_XCTRUNNER = YES;
			};
			name = Release;
		};
/* End XCBuildConfiguration section */

/* Begin XCConfigurationList section */
		9A2710D61C619F7500BDA716 /* Build configuration list for PBXProject "ZXTest" */ = {
			isa = XCConfigurationList;
			buildConfigurations = (
				9A2711091C619F7600BDA716 /* Debug */,
				9A27110A1C619F7600BDA716 /* Release */,
			);
			defaultConfigurationIsVisible = 0;
			defaultConfigurationName = Release;
		};
		9A27110B1C619F7600BDA716 /* Build configuration list for PBXNativeTarget "ZXTest" */ = {
			isa = XCConfigurationList;
			buildConfigurations = (
				9A27110C1C619F7600BDA716 /* Debug */,
				9A27110D1C619F7600BDA716 /* Release */,
			);
			defaultConfigurationIsVisible = 0;
			defaultConfigurationName = Release;
		};
		9A27110E1C619F7600BDA716 /* Build configuration list for PBXNativeTarget "ZXTestTests" */ = {
			isa = XCConfigurationList;
			buildConfigurations = (
				9A27110F1C619F7600BDA716 /* Debug */,
				9A2711101C619F7600BDA716 /* Release */,
			);
			defaultConfigurationIsVisible = 0;
			defaultConfigurationName = Release;
		};
		9A2711111C619F7600BDA716 /* Build configuration list for PBXNativeTarget "ZXTestUITests" */ = {
			isa = XCConfigurationList;
			buildConfigurations = (
				9A2711121C619F7600BDA716 /* Debug */,
				9A2711131C619F7600BDA716 /* Release */,
			);
			defaultConfigurationIsVisible = 0;
			defaultConfigurationName = Release;
		};
/* End XCConfigurationList section */

/* Begin XCVersionGroup section */
		9A2710EA1C619F7500BDA716 /* ZXTest.xcdatamodeld */ = {
			isa = XCVersionGroup;
			children = (
				9A2710EB1C619F7500BDA716 /* ZXTest.xcdatamodel */,
			);
			currentVersion = 9A2710EB1C619F7500BDA716 /* ZXTest.xcdatamodel */;
			path = ZXTest.xcdatamodeld;
			sourceTree = "<group>";
			versionGroupType = wrapper.xcdatamodel;
		};
/* End XCVersionGroup section */
	};
	rootObject = 9A2710D31C619F7500BDA716 /* Project object */;
}
